{
  "nodes": {
    "brew-src": {
      "flake": false,
      "locked": {
        "lastModified": 1746795192,
        "narHash": "sha256-Cv+RXuzmn2iGBY2Ny/nXBTH+LFKDWIvMxf9a+btKI6M=",
        "owner": "Homebrew",
        "repo": "brew",
        "rev": "6f39076b3c2251994419215279d0525ef667fc31",
        "type": "github"
      },
      "original": {
        "owner": "Homebrew",
        "ref": "4.5.2",
        "repo": "brew",
        "type": "github"
      }
    },
    "dpp-ext-installer": {
      "flake": false,
      "locked": {
        "lastModified": 1743302906,
        "narHash": "sha256-9DOWr5yAawq63b9MiC/Bhhl6TD9bnCUImnYukNAa0wg=",
        "owner": "Shougo",
        "repo": "dpp-ext-installer",
        "rev": "fa5f3bc81c4d8a01b8f53f7e510b603a1336f24a",
        "type": "github"
      },
      "original": {
        "owner": "Shougo",
        "repo": "dpp-ext-installer",
        "type": "github"
      }
    },
    "dpp-ext-lazy": {
      "flake": false,
      "locked": {
        "lastModified": 1737193109,
        "narHash": "sha256-Izgv61SLT096WaPauWFdIKgXZWomGSC9NinciAQEIx4=",
        "owner": "Shougo",
        "repo": "dpp-ext-lazy",
        "rev": "839e74094865bdb2a548f1f43ab2752243182d31",
        "type": "github"
      },
      "original": {
        "owner": "Shougo",
        "repo": "dpp-ext-lazy",
        "type": "github"
      }
    },
    "dpp-ext-toml": {
      "flake": false,
      "locked": {
        "lastModified": 1745811032,
        "narHash": "sha256-1ZIJ3O3UlnphsagJFFGf/GZmfs5Rkl15SEMe5n2wSb0=",
        "owner": "Shougo",
        "repo": "dpp-ext-toml",
        "rev": "83852ec5e1cb9aca100ca03fba064019c535e625",
        "type": "github"
      },
      "original": {
        "owner": "Shougo",
        "repo": "dpp-ext-toml",
        "type": "github"
      }
    },
    "dpp-protocol-git": {
      "flake": false,
      "locked": {
        "lastModified": 1744440445,
        "narHash": "sha256-LdkLg2m0lZdas1iVOAtpyvoxZLRiJu1Fobvx6gbfAiY=",
        "owner": "Shougo",
        "repo": "dpp-protocol-git",
        "rev": "19f1e14762a319b208e4216239099ce0635f6361",
        "type": "github"
      },
      "original": {
        "owner": "Shougo",
        "repo": "dpp-protocol-git",
        "type": "github"
      }
    },
    "dpp-vim": {
      "flake": false,
      "locked": {
        "lastModified": 1745295668,
        "narHash": "sha256-r5ggQ80HtR1S2Lb+ZXHp+hbdN7WH4Gsdc7oHp0V9hvc=",
        "owner": "Shougo",
        "repo": "dpp.vim",
        "rev": "2340f7a72e8fcced381802cb4a0ed6237e741f89",
        "type": "github"
      },
      "original": {
        "owner": "Shougo",
        "repo": "dpp.vim",
        "type": "github"
      }
    },
    "flake-compat": {
      "flake": false,
      "locked": {
        "lastModified": 1733328505,
        "narHash": "sha256-NeCCThCEP3eCl2l/+27kNNK7QrwZB1IJCrXfrbv5oqU=",
        "owner": "edolstra",
        "repo": "flake-compat",
        "rev": "ff81ac966bb2cae68946d5ed5fc4994f96d0ffec",
        "type": "github"
      },
      "original": {
        "owner": "edolstra",
        "repo": "flake-compat",
        "type": "github"
      }
    },
    "flake-compat_2": {
      "flake": false,
      "locked": {
        "lastModified": 1696426674,
        "narHash": "sha256-kvjfFW7WAETZlt09AgDn1MrtKzP7t90Vf7vypd3OL1U=",
        "owner": "edolstra",
        "repo": "flake-compat",
        "rev": "0f9255e01c2351cc7d116c072cb317785dd33b33",
        "type": "github"
      },
      "original": {
        "owner": "edolstra",
        "repo": "flake-compat",
        "type": "github"
      }
    },
    "flake-parts": {
      "inputs": {
        "nixpkgs-lib": [
          "neovim-nightly-overlay",
          "nixpkgs"
        ]
      },
      "locked": {
        "lastModified": 1743550720,
        "narHash": "sha256-hIshGgKZCgWh6AYJpJmRgFdR3WUbkY04o82X05xqQiY=",
        "owner": "hercules-ci",
        "repo": "flake-parts",
        "rev": "c621e8422220273271f52058f618c94e405bb0f5",
        "type": "github"
      },
      "original": {
        "owner": "hercules-ci",
        "repo": "flake-parts",
        "type": "github"
      }
    },
    "flake-parts_2": {
      "inputs": {
        "nixpkgs-lib": [
          "neovim-nightly-overlay",
          "hercules-ci-effects",
          "nixpkgs"
        ]
      },
      "locked": {
        "lastModified": 1743550720,
        "narHash": "sha256-hIshGgKZCgWh6AYJpJmRgFdR3WUbkY04o82X05xqQiY=",
        "owner": "hercules-ci",
        "repo": "flake-parts",
        "rev": "c621e8422220273271f52058f618c94e405bb0f5",
        "type": "github"
      },
      "original": {
        "id": "flake-parts",
        "type": "indirect"
      }
    },
    "flake-parts_3": {
      "inputs": {
        "nixpkgs-lib": [
          "nixvim",
          "nixpkgs"
        ]
      },
      "locked": {
        "lastModified": 1743550720,
        "narHash": "sha256-hIshGgKZCgWh6AYJpJmRgFdR3WUbkY04o82X05xqQiY=",
        "owner": "hercules-ci",
        "repo": "flake-parts",
        "rev": "c621e8422220273271f52058f618c94e405bb0f5",
        "type": "github"
      },
      "original": {
        "owner": "hercules-ci",
        "repo": "flake-parts",
        "type": "github"
      }
    },
    "flake-utils": {
      "inputs": {
        "systems": "systems"
      },
      "locked": {
        "lastModified": 1731533236,
        "narHash": "sha256-l0KFg5HjrsfsO/JpG+r7fRrqm12kzFHyUHqHCVpMMbI=",
        "owner": "numtide",
        "repo": "flake-utils",
        "rev": "11707dc2f618dd54ca8739b309ec4fc024de578b",
        "type": "github"
      },
      "original": {
        "owner": "numtide",
        "repo": "flake-utils",
        "type": "github"
      }
    },
    "git-hooks": {
      "inputs": {
        "flake-compat": "flake-compat_2",
        "gitignore": "gitignore",
        "nixpkgs": [
          "neovim-nightly-overlay",
          "nixpkgs"
        ]
      },
      "locked": {
        "lastModified": 1746537231,
        "narHash": "sha256-Wb2xeSyOsCoTCTj7LOoD6cdKLEROyFAArnYoS+noCWo=",
        "owner": "cachix",
        "repo": "git-hooks.nix",
        "rev": "fa466640195d38ec97cf0493d6d6882bc4d14969",
        "type": "github"
      },
      "original": {
        "owner": "cachix",
        "repo": "git-hooks.nix",
        "type": "github"
      }
    },
    "gitignore": {
      "inputs": {
        "nixpkgs": [
          "neovim-nightly-overlay",
          "git-hooks",
          "nixpkgs"
        ]
      },
      "locked": {
        "lastModified": 1709087332,
        "narHash": "sha256-HG2cCnktfHsKV0s4XW83gU3F57gaTljL9KNSuG6bnQs=",
        "owner": "hercules-ci",
        "repo": "gitignore.nix",
        "rev": "637db329424fd7e46cf4185293b9cc8c88c95394",
        "type": "github"
      },
      "original": {
        "owner": "hercules-ci",
        "repo": "gitignore.nix",
        "type": "github"
      }
    },
    "hercules-ci-effects": {
      "inputs": {
        "flake-parts": "flake-parts_2",
        "nixpkgs": [
          "neovim-nightly-overlay",
          "nixpkgs"
        ]
      },
      "locked": {
        "lastModified": 1744693102,
        "narHash": "sha256-1Z4WPGVky4w3lrhrgs89OKsLzPdtkbi1bPLNFWsoLfY=",
        "owner": "hercules-ci",
        "repo": "hercules-ci-effects",
        "rev": "5b6cec51c9ec095a0d3fd4c8eeb53eb5c59ae33e",
        "type": "github"
      },
      "original": {
        "owner": "hercules-ci",
        "repo": "hercules-ci-effects",
        "type": "github"
      }
    },
    "home-manager": {
      "inputs": {
        "nixpkgs": [
          "nixpkgs"
        ]
      },
      "locked": {
        "lastModified": 1746798521,
        "narHash": "sha256-axfz/jBEH9XHpS7YSumstV7b2PrPf7L8bhWUtLBv3nA=",
        "owner": "nix-community",
        "repo": "home-manager",
        "rev": "e95a7c5b6fa93304cd2fd78cf676c4f6d23c422c",
        "type": "github"
      },
      "original": {
        "owner": "nix-community",
        "repo": "home-manager",
        "type": "github"
      }
    },
    "ixx": {
      "inputs": {
        "flake-utils": [
          "nuschtosSearch",
          "flake-utils"
        ],
        "nixpkgs": [
          "nuschtosSearch",
          "nixpkgs"
        ]
      },
      "locked": {
        "lastModified": 1737371634,
        "narHash": "sha256-fTVAWzT1UMm1lT+YxHuVPtH+DATrhYfea3B0MxG/cGw=",
        "owner": "NuschtOS",
        "repo": "ixx",
        "rev": "a1176e2a10ce745ff8f63e4af124ece8fe0b1648",
        "type": "github"
      },
      "original": {
        "owner": "NuschtOS",
        "ref": "v0.0.7",
        "repo": "ixx",
        "type": "github"
      }
    },
    "neovim-nightly-overlay": {
      "inputs": {
        "flake-compat": "flake-compat",
        "flake-parts": "flake-parts",
        "git-hooks": "git-hooks",
        "hercules-ci-effects": "hercules-ci-effects",
        "neovim-src": "neovim-src",
        "nixpkgs": "nixpkgs",
        "treefmt-nix": "treefmt-nix"
      },
      "locked": {
        "lastModified": 1746860762,
        "narHash": "sha256-DR3jIVXZcJMbsqDyuMPDhc5/hzXBCamiLBJHKmZGRCo=",
        "owner": "nix-community",
        "repo": "neovim-nightly-overlay",
        "rev": "a5bf9774518999ee66cd067aad6924ef987c6fde",
        "type": "github"
      },
      "original": {
        "owner": "nix-community",
        "repo": "neovim-nightly-overlay",
        "type": "github"
      }
    },
    "neovim-src": {
      "flake": false,
      "locked": {
        "lastModified": 1746827679,
        "narHash": "sha256-+qsql9OvlvvmrVfPVh60SYSgr3oiVyBgwWFrvTmKSO0=",
        "owner": "neovim",
        "repo": "neovim",
        "rev": "db702782e0168d45256a975c4bc1809b5785d952",
        "type": "github"
      },
      "original": {
        "owner": "neovim",
        "repo": "neovim",
        "type": "github"
      }
    },
    "nix-darwin": {
      "inputs": {
        "nixpkgs": [
          "nixpkgs"
        ]
      },
      "locked": {
        "lastModified": 1746708654,
        "narHash": "sha256-GeC99gu5H6+AjBXsn5dOhP4/ApuioGCBkufdmEIWPRs=",
        "owner": "LnL7",
        "repo": "nix-darwin",
        "rev": "6cb36e8327421c61e5a3bbd08ed63491b616364a",
        "type": "github"
      },
      "original": {
        "owner": "LnL7",
        "repo": "nix-darwin",
        "type": "github"
      }
    },
    "nix-homebrew": {
      "inputs": {
        "brew-src": "brew-src",
        "nix-darwin": [
          "nix-darwin"
        ],
        "nixpkgs": [
          "nixpkgs"
        ]
      },
      "locked": {
        "lastModified": 1746844491,
        "narHash": "sha256-69KEURmqcFU0db6LkSiaxxdRhgkTXLVGskuR5RLOvk4=",
        "owner": "zhaofengli-wip",
        "repo": "nix-homebrew",
        "rev": "fae199aa8b9a259aa8500aefea9e62b23d5ff007",
        "type": "github"
      },
      "original": {
        "owner": "zhaofengli-wip",
        "repo": "nix-homebrew",
        "type": "github"
      }
    },
    "nixpkgs": {
      "locked": {
        "lastModified": 1746576598,
        "narHash": "sha256-FshoQvr6Aor5SnORVvh/ZdJ1Sa2U4ZrIMwKBX5k2wu0=",
        "owner": "NixOS",
        "repo": "nixpkgs",
        "rev": "b3582c75c7f21ce0b429898980eddbbf05c68e55",
        "type": "github"
      },
      "original": {
        "owner": "NixOS",
        "ref": "nixpkgs-unstable",
        "repo": "nixpkgs",
        "type": "github"
      }
    },
    "nixpkgs-stable": {
      "locked": {
        "lastModified": 1746557022,
        "narHash": "sha256-QkNoyEf6TbaTW5UZYX0OkwIJ/ZMeKSSoOMnSDPQuol0=",
        "owner": "NixOS",
        "repo": "nixpkgs",
        "rev": "1d3aeb5a193b9ff13f63f4d9cc169fb88129f860",
        "type": "github"
      },
      "original": {
        "owner": "NixOS",
        "ref": "nixos-24.11",
        "repo": "nixpkgs",
        "type": "github"
      }
    },
    "nixpkgs_2": {
      "locked": {
        "lastModified": 1746397377,
        "narHash": "sha256-5oLdRa3vWSRbuqPIFFmQBGGUqaYZBxX+GGtN9f/n4lU=",
        "rev": "ed30f8aba41605e3ab46421e3dcb4510ec560ff8",
        "revCount": 794180,
        "type": "tarball",
        "url": "https://api.flakehub.com/f/pinned/DeterminateSystems/nixpkgs-weekly/0.1.794180%2Brev-ed30f8aba41605e3ab46421e3dcb4510ec560ff8/0196a419-b9aa-7879-8a59-10b4ce7de30c/source.tar.gz"
      },
      "original": {
        "type": "tarball",
        "url": "https://flakehub.com/f/DeterminateSystems/nixpkgs-weekly/0.%2A.tar.gz"
      }
    },
    "nixvim": {
      "inputs": {
        "flake-parts": "flake-parts_3",
        "nixpkgs": [
          "nixpkgs"
        ],
        "nuschtosSearch": [
          "nuschtosSearch"
        ]
      },
      "locked": {
        "lastModified": 1746822201,
        "narHash": "sha256-XAt4FgViCT9kcSkODQUcbQ8JejjjbTGcMVGIP+7o7YE=",
        "owner": "nix-community",
        "repo": "nixvim",
        "rev": "1b1e43a36e4f701fb2fc870c322373579936f739",
        "type": "github"
      },
      "original": {
        "owner": "nix-community",
        "repo": "nixvim",
        "type": "github"
      }
    },
    "nuschtosSearch": {
      "inputs": {
        "flake-utils": [
          "flake-utils"
        ],
        "ixx": "ixx",
        "nixpkgs": [
          "nixpkgs"
        ]
      },
      "locked": {
        "lastModified": 1745046075,
        "narHash": "sha256-8v4y6k16Ra/fiecb4DxhsoOGtzLKgKlS+9/XJ9z0T2I=",
        "owner": "NuschtOS",
        "repo": "search",
        "rev": "066afe8643274470f4a294442aadd988356a478f",
        "type": "github"
      },
      "original": {
        "owner": "NuschtOS",
        "repo": "search",
        "type": "github"
      }
    },
    "root": {
      "inputs": {
        "dpp-ext-installer": "dpp-ext-installer",
        "dpp-ext-lazy": "dpp-ext-lazy",
        "dpp-ext-toml": "dpp-ext-toml",
        "dpp-protocol-git": "dpp-protocol-git",
        "dpp-vim": "dpp-vim",
        "flake-utils": "flake-utils",
        "home-manager": "home-manager",
        "neovim-nightly-overlay": "neovim-nightly-overlay",
        "nix-darwin": "nix-darwin",
        "nix-homebrew": "nix-homebrew",
        "nixpkgs": "nixpkgs_2",
        "nixpkgs-stable": "nixpkgs-stable",
        "nixvim": "nixvim",
        "nuschtosSearch": "nuschtosSearch"
      }
    },
    "systems": {
      "locked": {
        "lastModified": 1681028828,
        "narHash": "sha256-Vy1rq5AaRuLzOxct8nz4T6wlgyUR7zLU309k9mBC768=",
        "owner": "nix-systems",
        "repo": "default",
        "rev": "da67096a3b9bf56a91d16901293e51ba5b49a27e",
        "type": "github"
      },
      "original": {
        "owner": "nix-systems",
        "repo": "default",
        "type": "github"
      }
    },
    "treefmt-nix": {
      "inputs": {
        "nixpkgs": [
          "neovim-nightly-overlay",
          "nixpkgs"
        ]
      },
      "locked": {
        "lastModified": 1746216483,
        "narHash": "sha256-4h3s1L/kKqt3gMDcVfN8/4v2jqHrgLIe4qok4ApH5x4=",
        "owner": "numtide",
        "repo": "treefmt-nix",
        "rev": "29ec5026372e0dec56f890e50dbe4f45930320fd",
        "type": "github"
      },
      "original": {
        "owner": "numtide",
        "repo": "treefmt-nix",
        "type": "github"
      }
    }
  },
  "root": "root",
  "version": 7
}
